// !$*UTF8*$!
{
	archiveVersion = 1;
	classes = {
	};
	objectVersion = 46;
	objects = {

/* Begin PBXBuildFile section */
		CA4337E51F21FE7B00EDDCA9 /* main.m in Sources */ = {isa = PBXBuildFile; fileRef = CA4337E41F21FE7B00EDDCA9 /* main.m */; };
		CA4337E81F21FE7B00EDDCA9 /* AppDelegate.m in Sources */ = {isa = PBXBuildFile; fileRef = CA4337E71F21FE7B00EDDCA9 /* AppDelegate.m */; };
		CA4337EB1F21FE7B00EDDCA9 /* ViewController.m in Sources */ = {isa = PBXBuildFile; fileRef = CA4337EA1F21FE7B00EDDCA9 /* ViewController.m */; };
		CA4337EE1F21FE7B00EDDCA9 /* Main.storyboard in Resources */ = {isa = PBXBuildFile; fileRef = CA4337EC1F21FE7B00EDDCA9 /* Main.storyboard */; };
		CA4337F01F21FE7B00EDDCA9 /* Assets.xcassets in Resources */ = {isa = PBXBuildFile; fileRef = CA4337EF1F21FE7B00EDDCA9 /* Assets.xcassets */; };
		CA4337F31F21FE7B00EDDCA9 /* LaunchScreen.storyboard in Resources */ = {isa = PBXBuildFile; fileRef = CA4337F11F21FE7B00EDDCA9 /* LaunchScreen.storyboard */; };
/* End PBXBuildFile section */

/* Begin PBXFileReference section */
		CA4337E01F21FE7B00EDDCA9 /* SushibuGIT.app */ = {isa = PBXFileReference; explicitFileType = wrapper.application; includeInIndex = 0; path = SushibuGIT.app; sourceTree = BUILT_PRODUCTS_DIR; };
		CA4337E41F21FE7B00EDDCA9 /* main.m */ = {isa = PBXFileReference; lastKnownFileType = sourcecode.c.objc; path = main.m; sourceTree = "<group>"; };
		CA4337E61F21FE7B00EDDCA9 /* AppDelegate.h */ = {isa = PBXFileReference; lastKnownFileType = sourcecode.c.h; path = AppDelegate.h; sourceTree = "<group>"; };
		CA4337E71F21FE7B00EDDCA9 /* AppDelegate.m */ = {isa = PBXFileReference; lastKnownFileType = sourcecode.c.objc; path = AppDelegate.m; sourceTree = "<group>"; };
		CA4337E91F21FE7B00EDDCA9 /* ViewController.h */ = {isa = PBXFileReference; lastKnownFileType = sourcecode.c.h; path = ViewController.h; sourceTree = "<group>"; };
		CA4337EA1F21FE7B00EDDCA9 /* ViewController.m */ = {isa = PBXFileReference; lastKnownFileType = sourcecode.c.objc; path = ViewController.m; sourceTree = "<group>"; };
		CA4337ED1F21FE7B00EDDCA9 /* Base */ = {isa = PBXFileReference; lastKnownFileType = file.storyboard; name = Base; path = Base.lproj/Main.storyboard; sourceTree = "<group>"; };
		CA4337EF1F21FE7B00EDDCA9 /* Assets.xcassets */ = {isa = PBXFileReference; lastKnownFileType = folder.assetcatalog; path = Assets.xcassets; sourceTree = "<group>"; };
		CA4337F21F21FE7B00EDDCA9 /* Base */ = {isa = PBXFileReference; lastKnownFileType = file.storyboard; name = Base; path = Base.lproj/LaunchScreen.storyboard; sourceTree = "<group>"; };
		CA4337F41F21FE7B00EDDCA9 /* Info.plist */ = {isa = PBXFileReference; lastKnownFileType = text.plist.xml; path = Info.plist; sourceTree = "<group>"; };
/* End PBXFileReference section */

/* Begin PBXFrameworksBuildPhase section */
		CA4337DD1F21FE7B00EDDCA9 /* Frameworks */ = {
			isa = PBXFrameworksBuildPhase;
			buildActionMask = 2147483647;
			files = (
			);
			runOnlyForDeploymentPostprocessing = 0;
		};
/* End PBXFrameworksBuildPhase section */

/* Begin PBXGroup section */
		CA4337D71F21FE7B00EDDCA9 = {
			isa = PBXGroup;
			children = (
				CA4337E21F21FE7B00EDDCA9 /* SushibuGIT */,
				CA4337E11F21FE7B00EDDCA9 /* Products */,
			);
			sourceTree = "<group>";
		};
		CA4337E11F21FE7B00EDDCA9 /* Products */ = {
			isa = PBXGroup;
			children = (
				CA4337E01F21FE7B00EDDCA9 /* SushibuGIT.app */,
			);
			name = Products;
			sourceTree = "<group>";
		};
		CA4337E21F21FE7B00EDDCA9 /* SushibuGIT */ = {
			isa = PBXGroup;
			children = (
				CA4337E61F21FE7B00EDDCA9 /* AppDelegate.h */,
				CA4337E71F21FE7B00EDDCA9 /* AppDelegate.m */,
				CA4337E91F21FE7B00EDDCA9 /* ViewController.h */,
				CA4337EA1F21FE7B00EDDCA9 /* ViewController.m */,
				CA4337EC1F21FE7B00EDDCA9 /* Main.storyboard */,
				CA4337EF1F21FE7B00EDDCA9 /* Assets.xcassets */,
				CA4337F11F21FE7B00EDDCA9 /* LaunchScreen.storyboard */,
				CA4337F41F21FE7B00EDDCA9 /* Info.plist */,
				CA4337E31F21FE7B00EDDCA9 /* Supporting Files */,
			);
			path = SushibuGIT;
			sourceTree = "<group>";
		};
		CA4337E31F21FE7B00EDDCA9 /* Supporting Files */ = {
			isa = PBXGroup;
			children = (
				CA4337E41F21FE7B00EDDCA9 /* main.m */,
			);
			name = "Supporting Files";
			sourceTree = "<group>";
		};
/* End PBXGroup section */

/* Begin PBXNativeTarget section */
		CA4337DF1F21FE7B00EDDCA9 /* SushibuGIT */ = {
			isa = PBXNativeTarget;
			buildConfigurationList = CA4337F71F21FE7B00EDDCA9 /* Build configuration list for PBXNativeTarget "SushibuGIT" */;
			buildPhases = (
				CA4337DC1F21FE7B00EDDCA9 /* Sources */,
				CA4337DD1F21FE7B00EDDCA9 /* Frameworks */,
				CA4337DE1F21FE7B00EDDCA9 /* Resources */,
			);
			buildRules = (
			);
			dependencies = (
			);
			name = SushibuGIT;
			productName = SushibuGIT;
			productReference = CA4337E01F21FE7B00EDDCA9 /* SushibuGIT.app */;
			productType = "com.apple.product-type.application";
		};
/* End PBXNativeTarget section */

/* Begin PBXProject section */
		CA4337D81F21FE7B00EDDCA9 /* Project object */ = {
			isa = PBXProject;
			attributes = {
				LastUpgradeCheck = 0830;
				ORGANIZATIONNAME = "SUSHIBU CONSULTING SERVICE";
				TargetAttributes = {
					CA4337DF1F21FE7B00EDDCA9 = {
						CreatedOnToolsVersion = 8.3.3;
						ProvisioningStyle = Automatic;
					};
				};
			};
			buildConfigurationList = CA4337DB1F21FE7B00EDDCA9 /* Build configuration list for PBXProject "SushibuGIT" */;
			compatibilityVersion = "Xcode 3.2";
			developmentRegion = English;
			hasScannedForEncodings = 0;
			knownRegions = (
				en,
				Base,
			);
			mainGroup = CA4337D71F21FE7B00EDDCA9;
			productRefGroup = CA4337E11F21FE7B00EDDCA9 /* Products */;
			projectDirPath = "";
			projectRoot = "";
			targets = (
				CA4337DF1F21FE7B00EDDCA9 /* SushibuGIT */,
			);
		};
/* End PBXProject section */

/* Begin PBXResourcesBuildPhase section */
		CA4337DE1F21FE7B00EDDCA9 /* Resources */ = {
			isa = PBXResourcesBuildPhase;
			buildActionMask = 2147483647;
			files = (
				CA4337F31F21FE7B00EDDCA9 /* LaunchScreen.storyboard in Resources */,
				CA4337F01F21FE7B00EDDCA9 /* Assets.xcassets in Resources */,
				CA4337EE1F21FE7B00EDDCA9 /* Main.storyboard in Resources */,
			);
			runOnlyForDeploymentPostprocessing = 0;
		};
/* End PBXResourcesBuildPhase section */

/* Begin PBXSourcesBuildPhase section */
		CA4337DC1F21FE7B00EDDCA9 /* Sources */ = {
			isa = PBXSourcesBuildPhase;
			buildActionMask = 2147483647;
			files = (
				CA4337EB1F21FE7B00EDDCA9 /* ViewController.m in Sources */,
				CA4337E81F21FE7B00EDDCA9 /* AppDelegate.m in Sources */,
				CA4337E51F21FE7B00EDDCA9 /* main.m in Sources */,
			);
			runOnlyForDeploymentPostprocessing = 0;
		};
/* End PBXSourcesBuildPhase section */

/* Begin PBXVariantGroup section */
		CA4337EC1F21FE7B00EDDCA9 /* Main.storyboard */ = {
			isa = PBXVariantGroup;
			children = (
				CA4337ED1F21FE7B00EDDCA9 /* Base */,
			);
			name = Main.storyboard;
			sourceTree = "<group>";
		};
		CA4337F11F21FE7B00EDDCA9 /* LaunchScreen.storyboard */ = {
			isa = PBXVariantGroup;
			children = (
				CA4337F21F21FE7B00EDDCA9 /* Base */,
			);
			name = LaunchScreen.storyboard;
			sourceTree = "<group>";
		};
/* End PBXVariantGroup section */

/* Begin XCBuildConfiguration section */
		CA4337F51F21FE7B00EDDCA9 /* Debug */ = {
			isa = XCBuildConfiguration;
			buildSettings = {
				ALWAYS_SEARCH_USER_PATHS = NO;
				CLANG_ANALYZER_NONNULL = YES;
				CLANG_ANALYZER_NUMBER_OBJECT_CONVERSION = YES_AGGRESSIVE;
				CLANG_CXX_LANGUAGE_STANDARD = "gnu++0x";
				CLANG_CXX_LIBRARY = "libc++";
				CLANG_ENABLE_MODULES = YES;
				CLANG_ENABLE_OBJC_ARC = YES;
				CLANG_WARN_BOOL_CONVERSION = YES;
				CLANG_WARN_CONSTANT_CONVERSION = YES;
				CLANG_WARN_DIRECT_OBJC_ISA_USAGE = YES_ERROR;
				CLANG_WARN_DOCUMENTATION_COMMENTS = YES;
				CLANG_WARN_EMPTY_BODY = YES;
				CLANG_WARN_ENUM_CONVERSION = YES;
				CLANG_WARN_INFINITE_RECURSION = YES;
				CLANG_WARN_INT_CONVERSION = YES;
				CLANG_WARN_OBJC_ROOT_CLASS = YES_ERROR;
				CLANG_WARN_SUSPICIOUS_MOVE = YES;
				CLANG_WARN_UNREACHABLE_CODE = YES;
				CLANG_WARN__DUPLICATE_METHOD_MATCH = YES;
				"CODE_SIGN_IDENTITY[sdk=iphoneos*]" = "iPhone Developer";
				COPY_PHASE_STRIP = NO;
				DEBUG_INFORMATION_FORMAT = dwarf;
				ENABLE_STRICT_OBJC_MSGSEND = YES;
				ENABLE_TESTABILITY = YES;
				GCC_C_LANGUAGE_STANDARD = gnu99;
				GCC_DYNAMIC_NO_PIC = NO;
				GCC_NO_COMMON_BLOCKS = YES;
				GCC_OPTIMIZATION_LEVEL = 0;
				GCC_PREPROCESSOR_DEFINITIONS = (
					"DEBUG=1",
					"$(inherited)",
				);
				GCC_WARN_64_TO_32_BIT_CONVERSION = YES;
				GCC_WARN_ABOUT_RETURN_TYPE = YES_ERROR;
				GCC_WARN_UNDECLARED_SELECTOR = YES;
				GCC_WARN_UNINITIALIZED_AUTOS = YES_AGGRESSIVE;
				GCC_WARN_UNUSED_FUNCTION = YES;
				GCC_WARN_UNUSED_VARIABLE = YES;
				IPHONEOS_DEPLOYMENT_TARGET = 10.3;
				MTL_ENABLE_DEBUG_INFO = YES;
				ONLY_ACTIVE_ARCH = YES;
				SDKROOT = iphoneos;
				TARGETED_DEVICE_FAMILY = "1,2";
			};
			name = Debug;
		};
		CA4337F61F21FE7B00EDDCA9 /* Release */ = {
			isa = XCBuildConfiguration;
			buildSettings = {
				ALWAYS_SEARCH_USER_PATHS = NO;
				CLANG_ANALYZER_NONNULL = YES;
				CLANG_ANALYZER_NUMBER_OBJECT_CONVERSION = YES_AGGRESSIVE;
				CLANG_CXX_LANGUAGE_STANDARD = "gnu++0x";
				CLANG_CXX_LIBRARY = "libc++";
				CLANG_ENABLE_MODULES = YES;
				CLANG_ENABLE_OBJC_ARC = YES;
				CLANG_WARN_BOOL_CONVERSION = YES;
				CLANG_WARN_CONSTANT_CONVERSION = YES;
				CLANG_WARN_DIRECT_OBJC_ISA_USAGE = YES_ERROR;
				CLANG_WARN_DOCUMENTATION_COMMENTS = YES;
				CLANG_WARN_EMPTY_BODY = YES;
				CLANG_WARN_ENUM_CONVERSION = YES;
				CLANG_WARN_INFINITE_RECURSION = YES;
				CLANG_WARN_INT_CONVERSION = YES;
				CLANG_WARN_OBJC_ROOT_CLASS = YES_ERROR;
				CLANG_WARN_SUSPICIOUS_MOVE = YES;
				CLANG_WARN_UNREACHABLE_CODE = YES;
				CLANG_WARN__DUPLICATE_METHOD_MATCH = YES;
				"CODE_SIGN_IDENTITY[sdk=iphoneos*]" = "iPhone Developer";
				COPY_PHASE_STRIP = NO;
				DEBUG_INFORMATION_FORMAT = "dwarf-with-dsym";
				ENABLE_NS_ASSERTIONS = NO;
				ENABLE_STRICT_OBJC_MSGSEND = YES;
				GCC_C_LANGUAGE_STANDARD = gnu99;
				GCC_NO_COMMON_BLOCKS = YES;
				GCC_WARN_64_TO_32_BIT_CONVERSION = YES;
				GCC_WARN_ABOUT_RETURN_TYPE = YES_ERROR;
				GCC_WARN_UNDECLARED_SELECTOR = YES;
				GCC_WARN_UNINITIALIZED_AUTOS = YES_AGGRESSIVE;
				GCC_WARN_UNUSED_FUNCTION = YES;
				GCC_WARN_UNUSED_VARIABLE = YES;
				IPHONEOS_DEPLOYMENT_TARGET = 10.3;
				MTL_ENABLE_DEBUG_INFO = NO;
				SDKROOT = iphoneos;
				TARGETED_DEVICE_FAMILY = "1,2";
				VALIDATE_PRODUCT = YES;
			};
			name = Release;
		};
		CA4337F81F21FE7B00EDDCA9 /* Debug */ = {
			isa = XCBuildConfiguration;
			buildSettings = {
				ASSETCATALOG_COMPILER_APPICON_NAME = AppIcon;
				INFOPLIST_FILE = SushibuGIT/Info.plist;
				LD_RUNPATH_SEARCH_PATHS = "$(inherited) @executable_path/Frameworks";
				PRODUCT_BUNDLE_IDENTIFIER = sushibu.SushibuGIT;
				PRODUCT_NAME = "$(TARGET_NAME)";
			};
			name = Debug;
		};
		CA4337F91F21FE7B00EDDCA9 /* Release */ = {
			isa = XCBuildConfiguration;
			buildSettings = {
				ASSETCATALOG_COMPILER_APPICON_NAME = AppIcon;
				INFOPLIST_FILE = SushibuGIT/Info.plist;
				LD_RUNPATH_SEARCH_PATHS = "$(inherited) @executable_path/Frameworks";
				PRODUCT_BUNDLE_IDENTIFIER = sushibu.SushibuGIT;
				PRODUCT_NAME = "$(TARGET_NAME)";
			};
			name = Release;
		};
/* End XCBuildConfiguration section */

/* Begin XCConfigurationList section */
		CA4337DB1F21FE7B00EDDCA9 /* Build configuration list for PBXProject "SushibuGIT" */ = {
			isa = XCConfigurationList;
			buildConfigurations = (
				CA4337F51F21FE7B00EDDCA9 /* Debug */,
				CA4337F61F21FE7B00EDDCA9 /* Release */,
			);
			defaultConfigurationIsVisible = 0;
			defaultConfigurationName = Release;
		};
		CA4337F71F21FE7B00EDDCA9 /* Build configuration list for PBXNativeTarget "SushibuGIT" */ = {
			isa = XCConfigurationList;
			buildConfigurations = (
				CA4337F81F21FE7B00EDDCA9 /* Debug */,
				CA4337F91F21FE7B00EDDCA9 /* Release */,
			);
			defaultConfigurationIsVisible = 0;
		};
/* End XCConfigurationList section */
	};
	rootObject = CA4337D81F21FE7B00EDDCA9 /* Project object */;
}
